
Microsoft Visual Studio Solution File, Format Version 12.00
# Visual Studio Version 17
VisualStudioVersion = 17.3.32922.545
MinimumVisualStudioVersion = 10.0.40219.1
Project("{FAE04EC0-301F-11D3-BF4B-00C04F79EFBC}") = "Makale_Web", "Makale_Web\Makale_Web.csproj", "{8DA815EC-E23C-4D83-9AA3-3697420F1430}"
EndProject
Global
	GlobalSection(SolutionConfigurationPlatforms) = preSolution
		Debug|Any CPU = Debug|Any CPU
		Release|Any CPU = Release|Any CPU
	EndGlobalSection
	GlobalSection(ProjectConfigurationPlatforms) = postSolution
		{8DA815EC-E23C-4D83-9AA3-3697420F1430}.Debug|Any CPU.ActiveCfg = Debug|Any CPU
		{8DA815EC-E23C-4D83-9AA3-3697420F1430}.Debug|Any CPU.Build.0 = Debug|Any CPU
		{8DA815EC-E23C-4D83-9AA3-3697420F1430}.Release|Any CPU.ActiveCfg = Release|Any CPU
		{8DA815EC-E23C-4D83-9AA3-3697420F1430}.Release|Any CPU.Build.0 = Release|Any CPU
	EndGlobalSection
	GlobalSection(SolutionProperties) = preSolution
		HideSolutionNode = FALSE
	EndGlobalSection
	GlobalSection(ExtensibilityGlobals) = postSolution
		SolutionGuid = {2F50A0A0-94A4-46BE-B74C-F7B62FA578AC}
	EndGlobalSection
EndGlobal
